
Microsoft Visual Studio Solution File, Format Version 12.00
# Visual Studio Version 17
VisualStudioVersion = 17.4.33213.308
MinimumVisualStudioVersion = 10.0.40219.1
Project("{FAE04EC0-301F-11D3-BF4B-00C04F79EFBC}") = "PROG6212_POE", "PROG6212_POE\PROG6212_POE.csproj", "{FA00EA81-4FAF-4AF7-BED1-D3B52A0DF5CC}"
EndProject
Project("{FAE04EC0-301F-11D3-BF4B-00C04F79EFBC}") = "ModuleLibrary", "ModuleLibrary\ModuleLibrary.csproj", "{8ABF2EF1-0CD2-42A0-B60C-8D5F473DC4D5}"
EndProject
Global
	GlobalSection(SolutionConfigurationPlatforms) = preSolution
		Debug|Any CPU = Debug|Any CPU
		Release|Any CPU = Release|Any CPU
	EndGlobalSection
	GlobalSection(ProjectConfigurationPlatforms) = postSolution
		{FA00EA81-4FAF-4AF7-BED1-D3B52A0DF5CC}.Debug|Any CPU.ActiveCfg = Debug|Any CPU
		{FA00EA81-4FAF-4AF7-BED1-D3B52A0DF5CC}.Debug|Any CPU.Build.0 = Debug|Any CPU
		{FA00EA81-4FAF-4AF7-BED1-D3B52A0DF5CC}.Release|Any CPU.ActiveCfg = Release|Any CPU
		{FA00EA81-4FAF-4AF7-BED1-D3B52A0DF5CC}.Release|Any CPU.Build.0 = Release|Any CPU
		{8ABF2EF1-0CD2-42A0-B60C-8D5F473DC4D5}.Debug|Any CPU.ActiveCfg = Debug|Any CPU
		{8ABF2EF1-0CD2-42A0-B60C-8D5F473DC4D5}.Debug|Any CPU.Build.0 = Debug|Any CPU
		{8ABF2EF1-0CD2-42A0-B60C-8D5F473DC4D5}.Release|Any CPU.ActiveCfg = Release|Any CPU
		{8ABF2EF1-0CD2-42A0-B60C-8D5F473DC4D5}.Release|Any CPU.Build.0 = Release|Any CPU
	EndGlobalSection
	GlobalSection(SolutionProperties) = preSolution
		HideSolutionNode = FALSE
	EndGlobalSection
	GlobalSection(ExtensibilityGlobals) = postSolution
		SolutionGuid = {E323CFFE-C255-47AD-8074-FE71DCFB897B}
	EndGlobalSection
EndGlobal
